
Microsoft Visual Studio Solution File, Format Version 12.00
# Visual Studio Version 16
VisualStudioVersion = 16.0.28803.202
MinimumVisualStudioVersion = 10.0.40219.1
Project("{FAE04EC0-301F-11D3-BF4B-00C04F79EFBC}") = "C sharp project", "C sharp project\C sharp project.csproj", "{19BF888F-5485-4734-9DB6-CBA23CF9FE96}"
EndProject
Global
	GlobalSection(SolutionConfigurationPlatforms) = preSolution
		Debug|Any CPU = Debug|Any CPU
		Release|Any CPU = Release|Any CPU
	EndGlobalSection
	GlobalSection(ProjectConfigurationPlatforms) = postSolution
		{19BF888F-5485-4734-9DB6-CBA23CF9FE96}.Debug|Any CPU.ActiveCfg = Debug|Any CPU
		{19BF888F-5485-4734-9DB6-CBA23CF9FE96}.Debug|Any CPU.Build.0 = Debug|Any CPU
		{19BF888F-5485-4734-9DB6-CBA23CF9FE96}.Release|Any CPU.ActiveCfg = Release|Any CPU
		{19BF888F-5485-4734-9DB6-CBA23CF9FE96}.Release|Any CPU.Build.0 = Release|Any CPU
	EndGlobalSection
	GlobalSection(SolutionProperties) = preSolution
		HideSolutionNode = FALSE
	EndGlobalSection
	GlobalSection(ExtensibilityGlobals) = postSolution
		SolutionGuid = {D5D7E186-B990-4799-8B91-3F4A355EDEA7}
	EndGlobalSection
EndGlobal
